
Microsoft Visual Studio Solution File, Format Version 12.00
# Visual Studio Version 17
VisualStudioVersion = 17.0.31903.59
MinimumVisualStudioVersion = 10.0.40219.1
Project("{2150E333-8FDC-42A3-9474-1A3956D46DE8}") = "src", "src", "{E7072F53-327C-492E-A1F8-942CAF1070CB}"
EndProject
Project("{FAE04EC0-301F-11D3-BF4B-00C04F79EFBC}") = "Api", "src\Api\Api.csproj", "{7AF17891-9D0B-44A7-BAA2-3AFF5A167EAB}"
EndProject
Project("{FAE04EC0-301F-11D3-BF4B-00C04F79EFBC}") = "Api.Tests", "src\Api.Tests\Api.Tests.csproj", "{01A05068-7095-40CA-9E73-3CBC9195BB6A}"
EndProject
Project("{2150E333-8FDC-42A3-9474-1A3956D46DE8}") = "Web", "Web", "{890E4488-01F6-487B-98D4-598F6F0DC868}"
EndProject
Project("{FAE04EC0-301F-11D3-BF4B-00C04F79EFBC}") = "Server", "src\Web\Server\Server.csproj", "{6A5B7627-F485-4306-9B4D-A83815725206}"
EndProject
Project("{FAE04EC0-301F-11D3-BF4B-00C04F79EFBC}") = "Client", "src\Web\Client\Client.csproj", "{41F34AD4-3D9F-4380-B0A4-3AAF3B360EB5}"
EndProject
Project("{FAE04EC0-301F-11D3-BF4B-00C04F79EFBC}") = "Common", "src\Common\Common.csproj", "{A9F599A2-2A00-4838-A75E-CCB6806688B5}"
EndProject
Global
	GlobalSection(SolutionProperties) = preSolution
		HideSolutionNode = FALSE
	EndGlobalSection
	GlobalSection(SolutionConfigurationPlatforms) = preSolution
		Debug|Any CPU = Debug|Any CPU
		Debug|x64 = Debug|x64
		Debug|x86 = Debug|x86
		Release|Any CPU = Release|Any CPU
		Release|x64 = Release|x64
		Release|x86 = Release|x86
	EndGlobalSection
	GlobalSection(ProjectConfigurationPlatforms) = postSolution
		{7AF17891-9D0B-44A7-BAA2-3AFF5A167EAB}.Debug|Any CPU.ActiveCfg = Debug|Any CPU
		{7AF17891-9D0B-44A7-BAA2-3AFF5A167EAB}.Debug|Any CPU.Build.0 = Debug|Any CPU
		{7AF17891-9D0B-44A7-BAA2-3AFF5A167EAB}.Debug|x64.ActiveCfg = Debug|Any CPU
		{7AF17891-9D0B-44A7-BAA2-3AFF5A167EAB}.Debug|x64.Build.0 = Debug|Any CPU
		{7AF17891-9D0B-44A7-BAA2-3AFF5A167EAB}.Debug|x86.ActiveCfg = Debug|Any CPU
		{7AF17891-9D0B-44A7-BAA2-3AFF5A167EAB}.Debug|x86.Build.0 = Debug|Any CPU
		{7AF17891-9D0B-44A7-BAA2-3AFF5A167EAB}.Release|Any CPU.ActiveCfg = Release|Any CPU
		{7AF17891-9D0B-44A7-BAA2-3AFF5A167EAB}.Release|Any CPU.Build.0 = Release|Any CPU
		{7AF17891-9D0B-44A7-BAA2-3AFF5A167EAB}.Release|x64.ActiveCfg = Release|Any CPU
		{7AF17891-9D0B-44A7-BAA2-3AFF5A167EAB}.Release|x64.Build.0 = Release|Any CPU
		{7AF17891-9D0B-44A7-BAA2-3AFF5A167EAB}.Release|x86.ActiveCfg = Release|Any CPU
		{7AF17891-9D0B-44A7-BAA2-3AFF5A167EAB}.Release|x86.Build.0 = Release|Any CPU
		{01A05068-7095-40CA-9E73-3CBC9195BB6A}.Debug|Any CPU.ActiveCfg = Debug|Any CPU
		{01A05068-7095-40CA-9E73-3CBC9195BB6A}.Debug|Any CPU.Build.0 = Debug|Any CPU
		{01A05068-7095-40CA-9E73-3CBC9195BB6A}.Debug|x64.ActiveCfg = Debug|Any CPU
		{01A05068-7095-40CA-9E73-3CBC9195BB6A}.Debug|x64.Build.0 = Debug|Any CPU
		{01A05068-7095-40CA-9E73-3CBC9195BB6A}.Debug|x86.ActiveCfg = Debug|Any CPU
		{01A05068-7095-40CA-9E73-3CBC9195BB6A}.Debug|x86.Build.0 = Debug|Any CPU
		{01A05068-7095-40CA-9E73-3CBC9195BB6A}.Release|Any CPU.ActiveCfg = Release|Any CPU
		{01A05068-7095-40CA-9E73-3CBC9195BB6A}.Release|Any CPU.Build.0 = Release|Any CPU
		{01A05068-7095-40CA-9E73-3CBC9195BB6A}.Release|x64.ActiveCfg = Release|Any CPU
		{01A05068-7095-40CA-9E73-3CBC9195BB6A}.Release|x64.Build.0 = Release|Any CPU
		{01A05068-7095-40CA-9E73-3CBC9195BB6A}.Release|x86.ActiveCfg = Release|Any CPU
		{01A05068-7095-40CA-9E73-3CBC9195BB6A}.Release|x86.Build.0 = Release|Any CPU
		{6A5B7627-F485-4306-9B4D-A83815725206}.Debug|Any CPU.ActiveCfg = Debug|Any CPU
		{6A5B7627-F485-4306-9B4D-A83815725206}.Debug|Any CPU.Build.0 = Debug|Any CPU
		{6A5B7627-F485-4306-9B4D-A83815725206}.Debug|x64.ActiveCfg = Debug|Any CPU
		{6A5B7627-F485-4306-9B4D-A83815725206}.Debug|x64.Build.0 = Debug|Any CPU
		{6A5B7627-F485-4306-9B4D-A83815725206}.Debug|x86.ActiveCfg = Debug|Any CPU
		{6A5B7627-F485-4306-9B4D-A83815725206}.Debug|x86.Build.0 = Debug|Any CPU
		{6A5B7627-F485-4306-9B4D-A83815725206}.Release|Any CPU.ActiveCfg = Release|Any CPU
		{6A5B7627-F485-4306-9B4D-A83815725206}.Release|Any CPU.Build.0 = Release|Any CPU
		{6A5B7627-F485-4306-9B4D-A83815725206}.Release|x64.ActiveCfg = Release|Any CPU
		{6A5B7627-F485-4306-9B4D-A83815725206}.Release|x64.Build.0 = Release|Any CPU
		{6A5B7627-F485-4306-9B4D-A83815725206}.Release|x86.ActiveCfg = Release|Any CPU
		{6A5B7627-F485-4306-9B4D-A83815725206}.Release|x86.Build.0 = Release|Any CPU
		{41F34AD4-3D9F-4380-B0A4-3AAF3B360EB5}.Debug|Any CPU.ActiveCfg = Debug|Any CPU
		{41F34AD4-3D9F-4380-B0A4-3AAF3B360EB5}.Debug|Any CPU.Build.0 = Debug|Any CPU
		{41F34AD4-3D9F-4380-B0A4-3AAF3B360EB5}.Debug|x64.ActiveCfg = Debug|Any CPU
		{41F34AD4-3D9F-4380-B0A4-3AAF3B360EB5}.Debug|x64.Build.0 = Debug|Any CPU
		{41F34AD4-3D9F-4380-B0A4-3AAF3B360EB5}.Debug|x86.ActiveCfg = Debug|Any CPU
		{41F34AD4-3D9F-4380-B0A4-3AAF3B360EB5}.Debug|x86.Build.0 = Debug|Any CPU
		{41F34AD4-3D9F-4380-B0A4-3AAF3B360EB5}.Release|Any CPU.ActiveCfg = Release|Any CPU
		{41F34AD4-3D9F-4380-B0A4-3AAF3B360EB5}.Release|Any CPU.Build.0 = Release|Any CPU
		{41F34AD4-3D9F-4380-B0A4-3AAF3B360EB5}.Release|x64.ActiveCfg = Release|Any CPU
		{41F34AD4-3D9F-4380-B0A4-3AAF3B360EB5}.Release|x64.Build.0 = Release|Any CPU
		{41F34AD4-3D9F-4380-B0A4-3AAF3B360EB5}.Release|x86.ActiveCfg = Release|Any CPU
		{41F34AD4-3D9F-4380-B0A4-3AAF3B360EB5}.Release|x86.Build.0 = Release|Any CPU
		{A9F599A2-2A00-4838-A75E-CCB6806688B5}.Debug|Any CPU.ActiveCfg = Debug|Any CPU
		{A9F599A2-2A00-4838-A75E-CCB6806688B5}.Debug|Any CPU.Build.0 = Debug|Any CPU
		{A9F599A2-2A00-4838-A75E-CCB6806688B5}.Debug|x64.ActiveCfg = Debug|Any CPU
		{A9F599A2-2A00-4838-A75E-CCB6806688B5}.Debug|x64.Build.0 = Debug|Any CPU
		{A9F599A2-2A00-4838-A75E-CCB6806688B5}.Debug|x86.ActiveCfg = Debug|Any CPU
		{A9F599A2-2A00-4838-A75E-CCB6806688B5}.Debug|x86.Build.0 = Debug|Any CPU
		{A9F599A2-2A00-4838-A75E-CCB6806688B5}.Release|Any CPU.ActiveCfg = Release|Any CPU
		{A9F599A2-2A00-4838-A75E-CCB6806688B5}.Release|Any CPU.Build.0 = Release|Any CPU
		{A9F599A2-2A00-4838-A75E-CCB6806688B5}.Release|x64.ActiveCfg = Release|Any CPU
		{A9F599A2-2A00-4838-A75E-CCB6806688B5}.Release|x64.Build.0 = Release|Any CPU
		{A9F599A2-2A00-4838-A75E-CCB6806688B5}.Release|x86.ActiveCfg = Release|Any CPU
		{A9F599A2-2A00-4838-A75E-CCB6806688B5}.Release|x86.Build.0 = Release|Any CPU
	EndGlobalSection
	GlobalSection(NestedProjects) = preSolution
		{7AF17891-9D0B-44A7-BAA2-3AFF5A167EAB} = {E7072F53-327C-492E-A1F8-942CAF1070CB}
		{01A05068-7095-40CA-9E73-3CBC9195BB6A} = {E7072F53-327C-492E-A1F8-942CAF1070CB}
		{890E4488-01F6-487B-98D4-598F6F0DC868} = {E7072F53-327C-492E-A1F8-942CAF1070CB}
		{6A5B7627-F485-4306-9B4D-A83815725206} = {890E4488-01F6-487B-98D4-598F6F0DC868}
		{41F34AD4-3D9F-4380-B0A4-3AAF3B360EB5} = {890E4488-01F6-487B-98D4-598F6F0DC868}
		{A9F599A2-2A00-4838-A75E-CCB6806688B5} = {E7072F53-327C-492E-A1F8-942CAF1070CB}
	EndGlobalSection
EndGlobal
